
Microsoft Visual Studio Solution File, Format Version 12.00
# Visual Studio Version 17
VisualStudioVersion = 17.0.32014.148
MinimumVisualStudioVersion = 10.0.40219.1
Project("{FAE04EC0-301F-11D3-BF4B-00C04F79EFBC}") = "ProjectNorthwind.API", "ProjectNorthwind.API\ProjectNorthwind.API.csproj", "{BEC4EA9D-817A-4A53-B875-60532AD1970A}"
EndProject
Project("{FAE04EC0-301F-11D3-BF4B-00C04F79EFBC}") = "Service", "Service\Service.csproj", "{31D906CF-9B16-4591-B051-FE98731008C8}"
EndProject
Project("{FAE04EC0-301F-11D3-BF4B-00C04F79EFBC}") = "Database", "Database\Database.csproj", "{AA6FE7C6-CAA8-474A-8D77-12E553F9E33E}"
EndProject
Global
	GlobalSection(SolutionConfigurationPlatforms) = preSolution
		Debug|Any CPU = Debug|Any CPU
		Release|Any CPU = Release|Any CPU
	EndGlobalSection
	GlobalSection(ProjectConfigurationPlatforms) = postSolution
		{BEC4EA9D-817A-4A53-B875-60532AD1970A}.Debug|Any CPU.ActiveCfg = Debug|Any CPU
		{BEC4EA9D-817A-4A53-B875-60532AD1970A}.Debug|Any CPU.Build.0 = Debug|Any CPU
		{BEC4EA9D-817A-4A53-B875-60532AD1970A}.Release|Any CPU.ActiveCfg = Release|Any CPU
		{BEC4EA9D-817A-4A53-B875-60532AD1970A}.Release|Any CPU.Build.0 = Release|Any CPU
		{31D906CF-9B16-4591-B051-FE98731008C8}.Debug|Any CPU.ActiveCfg = Debug|Any CPU
		{31D906CF-9B16-4591-B051-FE98731008C8}.Debug|Any CPU.Build.0 = Debug|Any CPU
		{31D906CF-9B16-4591-B051-FE98731008C8}.Release|Any CPU.ActiveCfg = Release|Any CPU
		{31D906CF-9B16-4591-B051-FE98731008C8}.Release|Any CPU.Build.0 = Release|Any CPU
		{AA6FE7C6-CAA8-474A-8D77-12E553F9E33E}.Debug|Any CPU.ActiveCfg = Debug|Any CPU
		{AA6FE7C6-CAA8-474A-8D77-12E553F9E33E}.Debug|Any CPU.Build.0 = Debug|Any CPU
		{AA6FE7C6-CAA8-474A-8D77-12E553F9E33E}.Release|Any CPU.ActiveCfg = Release|Any CPU
		{AA6FE7C6-CAA8-474A-8D77-12E553F9E33E}.Release|Any CPU.Build.0 = Release|Any CPU
	EndGlobalSection
	GlobalSection(SolutionProperties) = preSolution
		HideSolutionNode = FALSE
	EndGlobalSection
	GlobalSection(ExtensibilityGlobals) = postSolution
		SolutionGuid = {0A59D786-F565-416E-BFD5-03A0BA94A40B}
	EndGlobalSection
EndGlobal
